
Microsoft Visual Studio Solution File, Format Version 12.00
# Visual Studio Version 17
VisualStudioVersion = 17.14.36705.20 d17.14
MinimumVisualStudioVersion = 10.0.40219.1
Project("{FAE04EC0-301F-11D3-BF4B-00C04F79EFBC}") = "FileOperations", "FileOperations.csproj", "{651D699D-731C-4889-B835-22DDFCB425CC}"
EndProject
Global
	GlobalSection(SolutionConfigurationPlatforms) = preSolution
		Debug|Any CPU = Debug|Any CPU
		Release|Any CPU = Release|Any CPU
	EndGlobalSection
	GlobalSection(ProjectConfigurationPlatforms) = postSolution
		{651D699D-731C-4889-B835-22DDFCB425CC}.Debug|Any CPU.ActiveCfg = Debug|Any CPU
		{651D699D-731C-4889-B835-22DDFCB425CC}.Debug|Any CPU.Build.0 = Debug|Any CPU
		{651D699D-731C-4889-B835-22DDFCB425CC}.Release|Any CPU.ActiveCfg = Release|Any CPU
		{651D699D-731C-4889-B835-22DDFCB425CC}.Release|Any CPU.Build.0 = Release|Any CPU
	EndGlobalSection
	GlobalSection(SolutionProperties) = preSolution
		HideSolutionNode = FALSE
	EndGlobalSection
	GlobalSection(ExtensibilityGlobals) = postSolution
		SolutionGuid = {C76820B0-5210-45E2-9204-A8DEF8CA7CE3}
	EndGlobalSection
EndGlobal
