
Microsoft Visual Studio Solution File, Format Version 12.00
# Visual Studio Version 17
VisualStudioVersion = 17.14.36705.20 d17.14
MinimumVisualStudioVersion = 10.0.40219.1
Project("{FAE04EC0-301F-11D3-BF4B-00C04F79EFBC}") = "Meetodi Kontrolltöö 16.01.2026", "Meetodi Kontrolltöö 16.01.2026.csproj", "{D3A02C2F-89FA-40CC-BCBF-3E003E832E01}"
EndProject
Global
	GlobalSection(SolutionConfigurationPlatforms) = preSolution
		Debug|Any CPU = Debug|Any CPU
		Release|Any CPU = Release|Any CPU
	EndGlobalSection
	GlobalSection(ProjectConfigurationPlatforms) = postSolution
		{D3A02C2F-89FA-40CC-BCBF-3E003E832E01}.Debug|Any CPU.ActiveCfg = Debug|Any CPU
		{D3A02C2F-89FA-40CC-BCBF-3E003E832E01}.Debug|Any CPU.Build.0 = Debug|Any CPU
		{D3A02C2F-89FA-40CC-BCBF-3E003E832E01}.Release|Any CPU.ActiveCfg = Release|Any CPU
		{D3A02C2F-89FA-40CC-BCBF-3E003E832E01}.Release|Any CPU.Build.0 = Release|Any CPU
	EndGlobalSection
	GlobalSection(SolutionProperties) = preSolution
		HideSolutionNode = FALSE
	EndGlobalSection
	GlobalSection(ExtensibilityGlobals) = postSolution
		SolutionGuid = {E1E97E72-D4CB-4F15-983E-FECF68F4FF55}
	EndGlobalSection
EndGlobal
