
Microsoft Visual Studio Solution File, Format Version 12.00
# Visual Studio Version 17
VisualStudioVersion = 17.14.36705.20 d17.14
MinimumVisualStudioVersion = 10.0.40219.1
Project("{FAE04EC0-301F-11D3-BF4B-00C04F79EFBC}") = "Meethod excercizes", "Meethod excercizes.csproj", "{FB68EF3D-194C-4599-85A2-BAE674C84B30}"
EndProject
Global
	GlobalSection(SolutionConfigurationPlatforms) = preSolution
		Debug|Any CPU = Debug|Any CPU
		Release|Any CPU = Release|Any CPU
	EndGlobalSection
	GlobalSection(ProjectConfigurationPlatforms) = postSolution
		{FB68EF3D-194C-4599-85A2-BAE674C84B30}.Debug|Any CPU.ActiveCfg = Debug|Any CPU
		{FB68EF3D-194C-4599-85A2-BAE674C84B30}.Debug|Any CPU.Build.0 = Debug|Any CPU
		{FB68EF3D-194C-4599-85A2-BAE674C84B30}.Release|Any CPU.ActiveCfg = Release|Any CPU
		{FB68EF3D-194C-4599-85A2-BAE674C84B30}.Release|Any CPU.Build.0 = Release|Any CPU
	EndGlobalSection
	GlobalSection(SolutionProperties) = preSolution
		HideSolutionNode = FALSE
	EndGlobalSection
	GlobalSection(ExtensibilityGlobals) = postSolution
		SolutionGuid = {F70D7F0A-4A0A-491F-BA6F-DA622A8534A3}
	EndGlobalSection
EndGlobal
